Microsoft Visual Studio Solution File, Format Version 12.00
# Visual Studio Version 17
Project("{FAE04EC0-301F-11D3-BF4B-00C04F79EFBC}") = "GusWorld", "Game.csproj", "{B0B7F1F2-1234-5678-90AB-CDEF12345678}"
EndProject
Project("{FAE04EC0-301F-11D3-BF4B-00C04F79EFBC}") = "GusDragonEngine", "..\engine\Engine.csproj", "{C1C7F1F2-1234-5678-90AB-CDEF12345679}"
EndProject
Global
	GlobalSection(SolutionConfigurationPlatforms) = preSolution
		Debug|Any CPU = Debug|Any CPU
		ExportDebug|Any CPU = ExportDebug|Any CPU
		ExportRelease|Any CPU = ExportRelease|Any CPU
	EndGlobalSection
	GlobalSection(ProjectConfigurationPlatforms) = postSolution
		{B0B7F1F2-1234-5678-90AB-CDEF12345678}.Debug|Any CPU.ActiveCfg = Debug|Any CPU
		{B0B7F1F2-1234-5678-90AB-CDEF12345678}.Debug|Any CPU.Build.0 = Debug|Any CPU
		{B0B7F1F2-1234-5678-90AB-CDEF12345678}.ExportDebug|Any CPU.ActiveCfg = ExportDebug|Any CPU
		{B0B7F1F2-1234-5678-90AB-CDEF12345678}.ExportDebug|Any CPU.Build.0 = ExportDebug|Any CPU
		{B0B7F1F2-1234-5678-90AB-CDEF12345678}.ExportRelease|Any CPU.ActiveCfg = ExportRelease|Any CPU
		{B0B7F1F2-1234-5678-90AB-CDEF12345678}.ExportRelease|Any CPU.Build.0 = ExportRelease|Any CPU
		{C1C7F1F2-1234-5678-90AB-CDEF12345679}.Debug|Any CPU.ActiveCfg = Debug|Any CPU
		{C1C7F1F2-1234-5678-90AB-CDEF12345679}.Debug|Any CPU.Build.0 = Debug|Any CPU
		{C1C7F1F2-1234-5678-90AB-CDEF12345679}.ExportDebug|Any CPU.ActiveCfg = ExportDebug|Any CPU
		{C1C7F1F2-1234-5678-90AB-CDEF12345679}.ExportDebug|Any CPU.Build.0 = ExportDebug|Any CPU
		{C1C7F1F2-1234-5678-90AB-CDEF12345679}.ExportRelease|Any CPU.ActiveCfg = ExportRelease|Any CPU
		{C1C7F1F2-1234-5678-90AB-CDEF12345679}.ExportRelease|Any CPU.Build.0 = ExportRelease|Any CPU
	EndGlobalSection
EndGlobal
